// !$*UTF8*$!
{
	archiveVersion = 1;
	classes = {
	};
	objectVersion = 46;
	objects = {

/* Begin PBXBuildFile section */
		873BF42C185837D70044A4E4 /* UIKit.framework in Frameworks */ = {isa = PBXBuildFile; fileRef = 873BF42B185837D70044A4E4 /* UIKit.framework */; };
		873BF42E185837D70044A4E4 /* Foundation.framework in Frameworks */ = {isa = PBXBuildFile; fileRef = 873BF42D185837D70044A4E4 /* Foundation.framework */; };
		873BF430185837D70044A4E4 /* CoreGraphics.framework in Frameworks */ = {isa = PBXBuildFile; fileRef = 873BF42F185837D70044A4E4 /* CoreGraphics.framework */; };
		873BF436185837D70044A4E4 /* InfoPlist.strings in Resources */ = {isa = PBXBuildFile; fileRef = 873BF434185837D70044A4E4 /* InfoPlist.strings */; };
		873BF438185837D70044A4E4 /* main.m in Sources */ = {isa = PBXBuildFile; fileRef = 873BF437185837D70044A4E4 /* main.m */; };
		873BF43C185837D70044A4E4 /* AppDelegate.m in Sources */ = {isa = PBXBuildFile; fileRef = 873BF43B185837D70044A4E4 /* AppDelegate.m */; };
		873BF43E185837D70044A4E4 /* Default.png in Resources */ = {isa = PBXBuildFile; fileRef = 873BF43D185837D70044A4E4 /* Default.png */; };
		873BF440185837D70044A4E4 /* Default@2x.png in Resources */ = {isa = PBXBuildFile; fileRef = 873BF43F185837D70044A4E4 /* Default@2x.png */; };
		873BF442185837D70044A4E4 /* Default-568h@2x.png in Resources */ = {isa = PBXBuildFile; fileRef = 873BF441185837D70044A4E4 /* Default-568h@2x.png */; };
		873BF44B1858387D0044A4E4 /* ViewController.m in Sources */ = {isa = PBXBuildFile; fileRef = 873BF4491858387D0044A4E4 /* ViewController.m */; };
		873BF44C1858387D0044A4E4 /* ViewController.xib in Resources */ = {isa = PBXBuildFile; fileRef = 873BF44A1858387D0044A4E4 /* ViewController.xib */; };
		873BF44F18583B810044A4E4 /* CustomOperation.m in Sources */ = {isa = PBXBuildFile; fileRef = 873BF44E18583B810044A4E4 /* CustomOperation.m */; };
/* End PBXBuildFile section */

/* Begin PBXFileReference section */
		873BF428185837D70044A4E4 /* OperationDemo.app */ = {isa = PBXFileReference; explicitFileType = wrapper.application; includeInIndex = 0; path = OperationDemo.app; sourceTree = BUILT_PRODUCTS_DIR; };
		873BF42B185837D70044A4E4 /* UIKit.framework */ = {isa = PBXFileReference; lastKnownFileType = wrapper.framework; name = UIKit.framework; path = System/Library/Frameworks/UIKit.framework; sourceTree = SDKROOT; };
		873BF42D185837D70044A4E4 /* Foundation.framework */ = {isa = PBXFileReference; lastKnownFileType = wrapper.framework; name = Foundation.framework; path = System/Library/Frameworks/Foundation.framework; sourceTree = SDKROOT; };
		873BF42F185837D70044A4E4 /* CoreGraphics.framework */ = {isa = PBXFileReference; lastKnownFileType = wrapper.framework; name = CoreGraphics.framework; path = System/Library/Frameworks/CoreGraphics.framework; sourceTree = SDKROOT; };
		873BF433185837D70044A4E4 /* OperationDemo-Info.plist */ = {isa = PBXFileReference; lastKnownFileType = text.plist.xml; path = "OperationDemo-Info.plist"; sourceTree = "<group>"; };
		873BF435185837D70044A4E4 /* en */ = {isa = PBXFileReference; lastKnownFileType = text.plist.strings; name = en; path = en.lproj/InfoPlist.strings; sourceTree = "<group>"; };
		873BF437185837D70044A4E4 /* main.m */ = {isa = PBXFileReference; lastKnownFileType = sourcecode.c.objc; path = main.m; sourceTree = "<group>"; };
		873BF439185837D70044A4E4 /* OperationDemo-Prefix.pch */ = {isa = PBXFileReference; lastKnownFileType = sourcecode.c.h; path = "OperationDemo-Prefix.pch"; sourceTree = "<group>"; };
		873BF43A185837D70044A4E4 /* AppDelegate.h */ = {isa = PBXFileReference; lastKnownFileType = sourcecode.c.h; path = AppDelegate.h; sourceTree = "<group>"; };
		873BF43B185837D70044A4E4 /* AppDelegate.m */ = {isa = PBXFileReference; lastKnownFileType = sourcecode.c.objc; path = AppDelegate.m; sourceTree = "<group>"; };
		873BF43D185837D70044A4E4 /* Default.png */ = {isa = PBXFileReference; lastKnownFileType = image.png; path = Default.png; sourceTree = "<group>"; };
		873BF43F185837D70044A4E4 /* Default@2x.png */ = {isa = PBXFileReference; lastKnownFileType = image.png; path = "Default@2x.png"; sourceTree = "<group>"; };
		873BF441185837D70044A4E4 /* Default-568h@2x.png */ = {isa = PBXFileReference; lastKnownFileType = image.png; path = "Default-568h@2x.png"; sourceTree = "<group>"; };
		873BF4481858387D0044A4E4 /* ViewController.h */ = {isa = PBXFileReference; fileEncoding = 4; lastKnownFileType = sourcecode.c.h; path = ViewController.h; sourceTree = "<group>"; };
		873BF4491858387D0044A4E4 /* ViewController.m */ = {isa = PBXFileReference; fileEncoding = 4; lastKnownFileType = sourcecode.c.objc; path = ViewController.m; sourceTree = "<group>"; };
		873BF44A1858387D0044A4E4 /* ViewController.xib */ = {isa = PBXFileReference; fileEncoding = 4; lastKnownFileType = file.xib; path = ViewController.xib; sourceTree = "<group>"; };
		873BF44D18583B810044A4E4 /* CustomOperation.h */ = {isa = PBXFileReference; fileEncoding = 4; lastKnownFileType = sourcecode.c.h; path = CustomOperation.h; sourceTree = "<group>"; };
		873BF44E18583B810044A4E4 /* CustomOperation.m */ = {isa = PBXFileReference; fileEncoding = 4; lastKnownFileType = sourcecode.c.objc; path = CustomOperation.m; sourceTree = "<group>"; };
/* End PBXFileReference section */

/* Begin PBXFrameworksBuildPhase section */
		873BF425185837D70044A4E4 /* Frameworks */ = {
			isa = PBXFrameworksBuildPhase;
			buildActionMask = 2147483647;
			files = (
				873BF42C185837D70044A4E4 /* UIKit.framework in Frameworks */,
				873BF42E185837D70044A4E4 /* Foundation.framework in Frameworks */,
				873BF430185837D70044A4E4 /* CoreGraphics.framework in Frameworks */,
			);
			runOnlyForDeploymentPostprocessing = 0;
		};
/* End PBXFrameworksBuildPhase section */

/* Begin PBXGroup section */
		873BF41F185837D70044A4E4 = {
			isa = PBXGroup;
			children = (
				873BF431185837D70044A4E4 /* OperationDemo */,
				873BF42A185837D70044A4E4 /* Frameworks */,
				873BF429185837D70044A4E4 /* Products */,
			);
			sourceTree = "<group>";
		};
		873BF429185837D70044A4E4 /* Products */ = {
			isa = PBXGroup;
			children = (
				873BF428185837D70044A4E4 /* OperationDemo.app */,
			);
			name = Products;
			sourceTree = "<group>";
		};
		873BF42A185837D70044A4E4 /* Frameworks */ = {
			isa = PBXGroup;
			children = (
				873BF42B185837D70044A4E4 /* UIKit.framework */,
				873BF42D185837D70044A4E4 /* Foundation.framework */,
				873BF42F185837D70044A4E4 /* CoreGraphics.framework */,
			);
			name = Frameworks;
			sourceTree = "<group>";
		};
		873BF431185837D70044A4E4 /* OperationDemo */ = {
			isa = PBXGroup;
			children = (
				873BF43A185837D70044A4E4 /* AppDelegate.h */,
				873BF43B185837D70044A4E4 /* AppDelegate.m */,
				873BF4481858387D0044A4E4 /* ViewController.h */,
				873BF4491858387D0044A4E4 /* ViewController.m */,
				873BF44A1858387D0044A4E4 /* ViewController.xib */,
				873BF44D18583B810044A4E4 /* CustomOperation.h */,
				873BF44E18583B810044A4E4 /* CustomOperation.m */,
				873BF432185837D70044A4E4 /* Supporting Files */,
			);
			path = OperationDemo;
			sourceTree = "<group>";
		};
		873BF432185837D70044A4E4 /* Supporting Files */ = {
			isa = PBXGroup;
			children = (
				873BF433185837D70044A4E4 /* OperationDemo-Info.plist */,
				873BF434185837D70044A4E4 /* InfoPlist.strings */,
				873BF437185837D70044A4E4 /* main.m */,
				873BF439185837D70044A4E4 /* OperationDemo-Prefix.pch */,
				873BF43D185837D70044A4E4 /* Default.png */,
				873BF43F185837D70044A4E4 /* Default@2x.png */,
				873BF441185837D70044A4E4 /* Default-568h@2x.png */,
			);
			name = "Supporting Files";
			sourceTree = "<group>";
		};
/* End PBXGroup section */

/* Begin PBXNativeTarget section */
		873BF427185837D70044A4E4 /* OperationDemo */ = {
			isa = PBXNativeTarget;
			buildConfigurationList = 873BF445185837D70044A4E4 /* Build configuration list for PBXNativeTarget "OperationDemo" */;
			buildPhases = (
				873BF424185837D70044A4E4 /* Sources */,
				873BF425185837D70044A4E4 /* Frameworks */,
				873BF426185837D70044A4E4 /* Resources */,
			);
			buildRules = (
			);
			dependencies = (
			);
			name = OperationDemo;
			productName = OperationDemo;
			productReference = 873BF428185837D70044A4E4 /* OperationDemo.app */;
			productType = "com.apple.product-type.application";
		};
/* End PBXNativeTarget section */

/* Begin PBXProject section */
		873BF420185837D70044A4E4 /* Project object */ = {
			isa = PBXProject;
			attributes = {
				LastUpgradeCheck = 0460;
				ORGANIZATIONNAME = zhangM;
			};
			buildConfigurationList = 873BF423185837D70044A4E4 /* Build configuration list for PBXProject "OperationDemo" */;
			compatibilityVersion = "Xcode 3.2";
			developmentRegion = English;
			hasScannedForEncodings = 0;
			knownRegions = (
				en,
			);
			mainGroup = 873BF41F185837D70044A4E4;
			productRefGroup = 873BF429185837D70044A4E4 /* Products */;
			projectDirPath = "";
			projectRoot = "";
			targets = (
				873BF427185837D70044A4E4 /* OperationDemo */,
			);
		};
/* End PBXProject section */

/* Begin PBXResourcesBuildPhase section */
		873BF426185837D70044A4E4 /* Resources */ = {
			isa = PBXResourcesBuildPhase;
			buildActionMask = 2147483647;
			files = (
				873BF436185837D70044A4E4 /* InfoPlist.strings in Resources */,
				873BF43E185837D70044A4E4 /* Default.png in Resources */,
				873BF440185837D70044A4E4 /* Default@2x.png in Resources */,
				873BF442185837D70044A4E4 /* Default-568h@2x.png in Resources */,
				873BF44C1858387D0044A4E4 /* ViewController.xib in Resources */,
			);
			runOnlyForDeploymentPostprocessing = 0;
		};
/* End PBXResourcesBuildPhase section */

/* Begin PBXSourcesBuildPhase section */
		873BF424185837D70044A4E4 /* Sources */ = {
			isa = PBXSourcesBuildPhase;
			buildActionMask = 2147483647;
			files = (
				873BF438185837D70044A4E4 /* main.m in Sources */,
				873BF43C185837D70044A4E4 /* AppDelegate.m in Sources */,
				873BF44B1858387D0044A4E4 /* ViewController.m in Sources */,
				873BF44F18583B810044A4E4 /* CustomOperation.m in Sources */,
			);
			runOnlyForDeploymentPostprocessing = 0;
		};
/* End PBXSourcesBuildPhase section */

/* Begin PBXVariantGroup section */
		873BF434185837D70044A4E4 /* InfoPlist.strings */ = {
			isa = PBXVariantGroup;
			children = (
				873BF435185837D70044A4E4 /* en */,
			);
			name = InfoPlist.strings;
			sourceTree = "<group>";
		};
/* End PBXVariantGroup section */

/* Begin XCBuildConfiguration section */
		873BF443185837D70044A4E4 /* Debug */ = {
			isa = XCBuildConfiguration;
			buildSettings = {
				ALWAYS_SEARCH_USER_PATHS = NO;
				CLANG_CXX_LANGUAGE_STANDARD = "gnu++0x";
				CLANG_CXX_LIBRARY = "libc++";
				CLANG_WARN_CONSTANT_CONVERSION = YES;
				CLANG_WARN_EMPTY_BODY = YES;
				CLANG_WARN_ENUM_CONVERSION = YES;
				CLANG_WARN_INT_CONVERSION = YES;
				CLANG_WARN__DUPLICATE_METHOD_MATCH = YES;
				"CODE_SIGN_IDENTITY[sdk=iphoneos*]" = "iPhone Developer";
				COPY_PHASE_STRIP = NO;
				GCC_C_LANGUAGE_STANDARD = gnu99;
				GCC_DYNAMIC_NO_PIC = NO;
				GCC_OPTIMIZATION_LEVEL = 0;
				GCC_PREPROCESSOR_DEFINITIONS = (
					"DEBUG=1",
					"$(inherited)",
				);
				GCC_SYMBOLS_PRIVATE_EXTERN = NO;
				GCC_WARN_ABOUT_RETURN_TYPE = YES;
				GCC_WARN_UNINITIALIZED_AUTOS = YES;
				GCC_WARN_UNUSED_VARIABLE = YES;
				IPHONEOS_DEPLOYMENT_TARGET = 6.1;
				ONLY_ACTIVE_ARCH = YES;
				SDKROOT = iphoneos;
			};
			name = Debug;
		};
		873BF444185837D70044A4E4 /* Release */ = {
			isa = XCBuildConfiguration;
			buildSettings = {
				ALWAYS_SEARCH_USER_PATHS = NO;
				CLANG_CXX_LANGUAGE_STANDARD = "gnu++0x";
				CLANG_CXX_LIBRARY = "libc++";
				CLANG_WARN_CONSTANT_CONVERSION = YES;
				CLANG_WARN_EMPTY_BODY = YES;
				CLANG_WARN_ENUM_CONVERSION = YES;
				CLANG_WARN_INT_CONVERSION = YES;
				CLANG_WARN__DUPLICATE_METHOD_MATCH = YES;
				"CODE_SIGN_IDENTITY[sdk=iphoneos*]" = "iPhone Developer";
				COPY_PHASE_STRIP = YES;
				GCC_C_LANGUAGE_STANDARD = gnu99;
				GCC_WARN_ABOUT_RETURN_TYPE = YES;
				GCC_WARN_UNINITIALIZED_AUTOS = YES;
				GCC_WARN_UNUSED_VARIABLE = YES;
				IPHONEOS_DEPLOYMENT_TARGET = 6.1;
				OTHER_CFLAGS = "-DNS_BLOCK_ASSERTIONS=1";
				SDKROOT = iphoneos;
				VALIDATE_PRODUCT = YES;
			};
			name = Release;
		};
		873BF446185837D70044A4E4 /* Debug */ = {
			isa = XCBuildConfiguration;
			buildSettings = {
				GCC_PRECOMPILE_PREFIX_HEADER = YES;
				GCC_PREFIX_HEADER = "OperationDemo/OperationDemo-Prefix.pch";
				INFOPLIST_FILE = "OperationDemo/OperationDemo-Info.plist";
				PRODUCT_NAME = "$(TARGET_NAME)";
				WRAPPER_EXTENSION = app;
			};
			name = Debug;
		};
		873BF447185837D70044A4E4 /* Release */ = {
			isa = XCBuildConfiguration;
			buildSettings = {
				GCC_PRECOMPILE_PREFIX_HEADER = YES;
				GCC_PREFIX_HEADER = "OperationDemo/OperationDemo-Prefix.pch";
				INFOPLIST_FILE = "OperationDemo/OperationDemo-Info.plist";
				PRODUCT_NAME = "$(TARGET_NAME)";
				WRAPPER_EXTENSION = app;
			};
			name = Release;
		};
/* End XCBuildConfiguration section */

/* Begin XCConfigurationList section */
		873BF423185837D70044A4E4 /* Build configuration list for PBXProject "OperationDemo" */ = {
			isa = XCConfigurationList;
			buildConfigurations = (
				873BF443185837D70044A4E4 /* Debug */,
				873BF444185837D70044A4E4 /* Release */,
			);
			defaultConfigurationIsVisible = 0;
			defaultConfigurationName = Release;
		};
		873BF445185837D70044A4E4 /* Build configuration list for PBXNativeTarget "OperationDemo" */ = {
			isa = XCConfigurationList;
			buildConfigurations = (
				873BF446185837D70044A4E4 /* Debug */,
				873BF447185837D70044A4E4 /* Release */,
			);
			defaultConfigurationIsVisible = 0;
		};
/* End XCConfigurationList section */
	};
	rootObject = 873BF420185837D70044A4E4 /* Project object */;
}
